
Microsoft Visual Studio Solution File, Format Version 12.00
# Visual Studio Version 16
VisualStudioVersion = 16.0.31424.327
MinimumVisualStudioVersion = 10.0.40219.1
Project("{FAE04EC0-301F-11D3-BF4B-00C04F79EFBC}") = "MikrusHunter", "MikrusHunter\MikrusHunter.csproj", "{7B4AF70E-41D2-4949-A926-F96815280C6A}"
EndProject
Global
	GlobalSection(SolutionConfigurationPlatforms) = preSolution
		Debug|Any CPU = Debug|Any CPU
		Release|Any CPU = Release|Any CPU
	EndGlobalSection
	GlobalSection(ProjectConfigurationPlatforms) = postSolution
		{7B4AF70E-41D2-4949-A926-F96815280C6A}.Debug|Any CPU.ActiveCfg = Debug|Any CPU
		{7B4AF70E-41D2-4949-A926-F96815280C6A}.Debug|Any CPU.Build.0 = Debug|Any CPU
		{7B4AF70E-41D2-4949-A926-F96815280C6A}.Release|Any CPU.ActiveCfg = Release|Any CPU
		{7B4AF70E-41D2-4949-A926-F96815280C6A}.Release|Any CPU.Build.0 = Release|Any CPU
	EndGlobalSection
	GlobalSection(SolutionProperties) = preSolution
		HideSolutionNode = FALSE
	EndGlobalSection
	GlobalSection(ExtensibilityGlobals) = postSolution
		SolutionGuid = {7D0AB5B0-0CBC-4F21-A45E-B4009D8DA387}
	EndGlobalSection
EndGlobal
